// !$*UTF8*$!
{
	archiveVersion = 1;
	classes = {
	};
	objectVersion = 56;
	objects = {

/* Begin PBXBuildFile section */
		9C90D0872C7B9C8400A0D2AF /* LandmarksApp.swift in Sources */ = {isa = PBXBuildFile; fileRef = 9C90D0862C7B9C8400A0D2AF /* LandmarksApp.swift */; };
		9C90D0892C7B9C8400A0D2AF /* ContentView.swift in Sources */ = {isa = PBXBuildFile; fileRef = 9C90D0882C7B9C8400A0D2AF /* ContentView.swift */; };
		9C90D08B2C7B9C8600A0D2AF /* Assets.xcassets in Resources */ = {isa = PBXBuildFile; fileRef = 9C90D08A2C7B9C8600A0D2AF /* Assets.xcassets */; };
		9C90D0B82C7BAFF100A0D2AF /* turtlerock@2x.jpg in Resources */ = {isa = PBXBuildFile; fileRef = 9C90D0A52C7BAFF000A0D2AF /* turtlerock@2x.jpg */; };
		9C90D0BD2C7BB14B00A0D2AF /* CircleImage.swift in Sources */ = {isa = PBXBuildFile; fileRef = 9C90D0BC2C7BB14B00A0D2AF /* CircleImage.swift */; };
		9C90D0BF2C7BB7C400A0D2AF /* MapView.swift in Sources */ = {isa = PBXBuildFile; fileRef = 9C90D0BE2C7BB7C400A0D2AF /* MapView.swift */; };
		9C90D0C32C7BBD1700A0D2AF /* landmarkData.json in Resources */ = {isa = PBXBuildFile; fileRef = 9C90D0C22C7BBD1600A0D2AF /* landmarkData.json */; };
		9C90D0C52C7BBD3B00A0D2AF /* Landmark.swift in Sources */ = {isa = PBXBuildFile; fileRef = 9C90D0C42C7BBD3B00A0D2AF /* Landmark.swift */; };
		9C90D0C72C7BC05700A0D2AF /* ModelData.swift in Sources */ = {isa = PBXBuildFile; fileRef = 9C90D0C62C7BC05700A0D2AF /* ModelData.swift */; };
		9C90D0CB2C7BC1BA00A0D2AF /* LandmarkRow.swift in Sources */ = {isa = PBXBuildFile; fileRef = 9C90D0CA2C7BC1BA00A0D2AF /* LandmarkRow.swift */; };
		9C90D0CE2C7BC48300A0D2AF /* Preview Assets.xcassets in Resources */ = {isa = PBXBuildFile; fileRef = 9C90D0CC2C7BC48300A0D2AF /* Preview Assets.xcassets */; };
		9C90D0D02C7C07F200A0D2AF /* LandmarkList.swift in Sources */ = {isa = PBXBuildFile; fileRef = 9C90D0CF2C7C07F200A0D2AF /* LandmarkList.swift */; };
		9C90D0D22C7C0A5200A0D2AF /* LandmarkDetail.swift in Sources */ = {isa = PBXBuildFile; fileRef = 9C90D0D12C7C0A5200A0D2AF /* LandmarkDetail.swift */; };
		9C90D0D42C7FF16400A0D2AF /* FavoriteButton.swift in Sources */ = {isa = PBXBuildFile; fileRef = 9C90D0D32C7FF16400A0D2AF /* FavoriteButton.swift */; };
/* End PBXBuildFile section */

/* Begin PBXFileReference section */
		9C90D0832C7B9C8400A0D2AF /* Landmarks.app */ = {isa = PBXFileReference; explicitFileType = wrapper.application; includeInIndex = 0; path = Landmarks.app; sourceTree = BUILT_PRODUCTS_DIR; };
		9C90D0862C7B9C8400A0D2AF /* LandmarksApp.swift */ = {isa = PBXFileReference; lastKnownFileType = sourcecode.swift; path = LandmarksApp.swift; sourceTree = "<group>"; };
		9C90D0882C7B9C8400A0D2AF /* ContentView.swift */ = {isa = PBXFileReference; lastKnownFileType = sourcecode.swift; path = ContentView.swift; sourceTree = "<group>"; };
		9C90D08A2C7B9C8600A0D2AF /* Assets.xcassets */ = {isa = PBXFileReference; lastKnownFileType = folder.assetcatalog; path = Assets.xcassets; sourceTree = "<group>"; };
		9C90D0A52C7BAFF000A0D2AF /* turtlerock@2x.jpg */ = {isa = PBXFileReference; lastKnownFileType = image.jpeg; path = "turtlerock@2x.jpg"; sourceTree = "<group>"; };
		9C90D0BC2C7BB14B00A0D2AF /* CircleImage.swift */ = {isa = PBXFileReference; lastKnownFileType = sourcecode.swift; path = CircleImage.swift; sourceTree = "<group>"; };
		9C90D0BE2C7BB7C400A0D2AF /* MapView.swift */ = {isa = PBXFileReference; lastKnownFileType = sourcecode.swift; path = MapView.swift; sourceTree = "<group>"; };
		9C90D0C22C7BBD1600A0D2AF /* landmarkData.json */ = {isa = PBXFileReference; fileEncoding = 4; lastKnownFileType = text.json; path = landmarkData.json; sourceTree = "<group>"; };
		9C90D0C42C7BBD3B00A0D2AF /* Landmark.swift */ = {isa = PBXFileReference; lastKnownFileType = sourcecode.swift; path = Landmark.swift; sourceTree = "<group>"; };
		9C90D0C62C7BC05700A0D2AF /* ModelData.swift */ = {isa = PBXFileReference; lastKnownFileType = sourcecode.swift; path = ModelData.swift; sourceTree = "<group>"; };
		9C90D0CA2C7BC1BA00A0D2AF /* LandmarkRow.swift */ = {isa = PBXFileReference; lastKnownFileType = sourcecode.swift; path = LandmarkRow.swift; sourceTree = "<group>"; };
		9C90D0CC2C7BC48300A0D2AF /* Preview Assets.xcassets */ = {isa = PBXFileReference; lastKnownFileType = folder.assetcatalog; path = "Preview Assets.xcassets"; sourceTree = "<group>"; };
		9C90D0CF2C7C07F200A0D2AF /* LandmarkList.swift */ = {isa = PBXFileReference; lastKnownFileType = sourcecode.swift; path = LandmarkList.swift; sourceTree = "<group>"; };
		9C90D0D12C7C0A5200A0D2AF /* LandmarkDetail.swift */ = {isa = PBXFileReference; lastKnownFileType = sourcecode.swift; path = LandmarkDetail.swift; sourceTree = "<group>"; };
		9C90D0D32C7FF16400A0D2AF /* FavoriteButton.swift */ = {isa = PBXFileReference; lastKnownFileType = sourcecode.swift; path = FavoriteButton.swift; sourceTree = "<group>"; };
/* End PBXFileReference section */

/* Begin PBXFrameworksBuildPhase section */
		9C90D0802C7B9C8400A0D2AF /* Frameworks */ = {
			isa = PBXFrameworksBuildPhase;
			buildActionMask = 2147483647;
			files = (
			);
			runOnlyForDeploymentPostprocessing = 0;
		};
/* End PBXFrameworksBuildPhase section */

/* Begin PBXGroup section */
		9C90D07A2C7B9C8400A0D2AF = {
			isa = PBXGroup;
			children = (
				9C90D0852C7B9C8400A0D2AF /* Landmarks */,
				9C90D0842C7B9C8400A0D2AF /* Products */,
			);
			sourceTree = "<group>";
		};
		9C90D0842C7B9C8400A0D2AF /* Products */ = {
			isa = PBXGroup;
			children = (
				9C90D0832C7B9C8400A0D2AF /* Landmarks.app */,
			);
			name = Products;
			sourceTree = "<group>";
		};
		9C90D0852C7B9C8400A0D2AF /* Landmarks */ = {
			isa = PBXGroup;
			children = (
				9C90D0862C7B9C8400A0D2AF /* LandmarksApp.swift */,
				9C90D0C92C7BC0E400A0D2AF /* Model */,
				9C90D0C12C7BBD0800A0D2AF /* Resources */,
				9C90D0C82C7BC0D400A0D2AF /* View */,
				9C90D08A2C7B9C8600A0D2AF /* Assets.xcassets */,
				9C90D0A52C7BAFF000A0D2AF /* turtlerock@2x.jpg */,
				9C90D0CD2C7BC48300A0D2AF /* Preview Content */,
			);
			path = Landmarks;
			sourceTree = "<group>";
		};
		9C90D0C12C7BBD0800A0D2AF /* Resources */ = {
			isa = PBXGroup;
			children = (
				9C90D0C22C7BBD1600A0D2AF /* landmarkData.json */,
			);
			path = Resources;
			sourceTree = "<group>";
		};
		9C90D0C82C7BC0D400A0D2AF /* View */ = {
			isa = PBXGroup;
			children = (
				9C90D0882C7B9C8400A0D2AF /* ContentView.swift */,
				9C90D0D62C7FF2D800A0D2AF /* Landmarks */,
				9C90D0D52C7FF2CC00A0D2AF /* Helper */,
			);
			path = View;
			sourceTree = "<group>";
		};
		9C90D0C92C7BC0E400A0D2AF /* Model */ = {
			isa = PBXGroup;
			children = (
				9C90D0C42C7BBD3B00A0D2AF /* Landmark.swift */,
				9C90D0C62C7BC05700A0D2AF /* ModelData.swift */,
			);
			path = Model;
			sourceTree = "<group>";
		};
		9C90D0CD2C7BC48300A0D2AF /* Preview Content */ = {
			isa = PBXGroup;
			children = (
				9C90D0CC2C7BC48300A0D2AF /* Preview Assets.xcassets */,
			);
			path = "Preview Content";
			sourceTree = "<group>";
		};
		9C90D0D52C7FF2CC00A0D2AF /* Helper */ = {
			isa = PBXGroup;
			children = (
				9C90D0BC2C7BB14B00A0D2AF /* CircleImage.swift */,
				9C90D0BE2C7BB7C400A0D2AF /* MapView.swift */,
				9C90D0D32C7FF16400A0D2AF /* FavoriteButton.swift */,
			);
			path = Helper;
			sourceTree = "<group>";
		};
		9C90D0D62C7FF2D800A0D2AF /* Landmarks */ = {
			isa = PBXGroup;
			children = (
				9C90D0CF2C7C07F200A0D2AF /* LandmarkList.swift */,
				9C90D0CA2C7BC1BA00A0D2AF /* LandmarkRow.swift */,
				9C90D0D12C7C0A5200A0D2AF /* LandmarkDetail.swift */,
			);
			path = Landmarks;
			sourceTree = "<group>";
		};
/* End PBXGroup section */

/* Begin PBXNativeTarget section */
		9C90D0822C7B9C8400A0D2AF /* Landmarks */ = {
			isa = PBXNativeTarget;
			buildConfigurationList = 9C90D0912C7B9C8600A0D2AF /* Build configuration list for PBXNativeTarget "Landmarks" */;
			buildPhases = (
				9C90D07F2C7B9C8400A0D2AF /* Sources */,
				9C90D0802C7B9C8400A0D2AF /* Frameworks */,
				9C90D0812C7B9C8400A0D2AF /* Resources */,
			);
			buildRules = (
			);
			dependencies = (
			);
			name = Landmarks;
			productName = Landmarks;
			productReference = 9C90D0832C7B9C8400A0D2AF /* Landmarks.app */;
			productType = "com.apple.product-type.application";
		};
/* End PBXNativeTarget section */

/* Begin PBXProject section */
		9C90D07B2C7B9C8400A0D2AF /* Project object */ = {
			isa = PBXProject;
			attributes = {
				BuildIndependentTargetsInParallel = 1;
				LastSwiftUpdateCheck = 1540;
				LastUpgradeCheck = 1540;
				TargetAttributes = {
					9C90D0822C7B9C8400A0D2AF = {
						CreatedOnToolsVersion = 15.4;
					};
				};
			};
			buildConfigurationList = 9C90D07E2C7B9C8400A0D2AF /* Build configuration list for PBXProject "Landmarks" */;
			compatibilityVersion = "Xcode 14.0";
			developmentRegion = en;
			hasScannedForEncodings = 0;
			knownRegions = (
				en,
				Base,
			);
			mainGroup = 9C90D07A2C7B9C8400A0D2AF;
			productRefGroup = 9C90D0842C7B9C8400A0D2AF /* Products */;
			projectDirPath = "";
			projectRoot = "";
			targets = (
				9C90D0822C7B9C8400A0D2AF /* Landmarks */,
			);
		};
/* End PBXProject section */

/* Begin PBXResourcesBuildPhase section */
		9C90D0812C7B9C8400A0D2AF /* Resources */ = {
			isa = PBXResourcesBuildPhase;
			buildActionMask = 2147483647;
			files = (
				9C90D0CE2C7BC48300A0D2AF /* Preview Assets.xcassets in Resources */,
				9C90D0C32C7BBD1700A0D2AF /* landmarkData.json in Resources */,
				9C90D0B82C7BAFF100A0D2AF /* turtlerock@2x.jpg in Resources */,
				9C90D08B2C7B9C8600A0D2AF /* Assets.xcassets in Resources */,
			);
			runOnlyForDeploymentPostprocessing = 0;
		};
/* End PBXResourcesBuildPhase section */

/* Begin PBXSourcesBuildPhase section */
		9C90D07F2C7B9C8400A0D2AF /* Sources */ = {
			isa = PBXSourcesBuildPhase;
			buildActionMask = 2147483647;
			files = (
				9C90D0892C7B9C8400A0D2AF /* ContentView.swift in Sources */,
				9C90D0BF2C7BB7C400A0D2AF /* MapView.swift in Sources */,
				9C90D0872C7B9C8400A0D2AF /* LandmarksApp.swift in Sources */,
				9C90D0D42C7FF16400A0D2AF /* FavoriteButton.swift in Sources */,
				9C90D0D02C7C07F200A0D2AF /* LandmarkList.swift in Sources */,
				9C90D0D22C7C0A5200A0D2AF /* LandmarkDetail.swift in Sources */,
				9C90D0BD2C7BB14B00A0D2AF /* CircleImage.swift in Sources */,
				9C90D0C52C7BBD3B00A0D2AF /* Landmark.swift in Sources */,
				9C90D0CB2C7BC1BA00A0D2AF /* LandmarkRow.swift in Sources */,
				9C90D0C72C7BC05700A0D2AF /* ModelData.swift in Sources */,
			);
			runOnlyForDeploymentPostprocessing = 0;
		};
/* End PBXSourcesBuildPhase section */

/* Begin XCBuildConfiguration section */
		9C90D08F2C7B9C8600A0D2AF /* Debug */ = {
			isa = XCBuildConfiguration;
			buildSettings = {
				ALWAYS_SEARCH_USER_PATHS = NO;
				ASSETCATALOG_COMPILER_GENERATE_SWIFT_ASSET_SYMBOL_EXTENSIONS = YES;
				CLANG_ANALYZER_NONNULL = YES;
				CLANG_ANALYZER_NUMBER_OBJECT_CONVERSION = YES_AGGRESSIVE;
				CLANG_CXX_LANGUAGE_STANDARD = "gnu++20";
				CLANG_ENABLE_MODULES = YES;
				CLANG_ENABLE_OBJC_ARC = YES;
				CLANG_ENABLE_OBJC_WEAK = YES;
				CLANG_WARN_BLOCK_CAPTURE_AUTORELEASING = YES;
				CLANG_WARN_BOOL_CONVERSION = YES;
				CLANG_WARN_COMMA = YES;
				CLANG_WARN_CONSTANT_CONVERSION = YES;
				CLANG_WARN_DEPRECATED_OBJC_IMPLEMENTATIONS = YES;
				CLANG_WARN_DIRECT_OBJC_ISA_USAGE = YES_ERROR;
				CLANG_WARN_DOCUMENTATION_COMMENTS = YES;
				CLANG_WARN_EMPTY_BODY = YES;
				CLANG_WARN_ENUM_CONVERSION = YES;
				CLANG_WARN_INFINITE_RECURSION = YES;
				CLANG_WARN_INT_CONVERSION = YES;
				CLANG_WARN_NON_LITERAL_NULL_CONVERSION = YES;
				CLANG_WARN_OBJC_IMPLICIT_RETAIN_SELF = YES;
				CLANG_WARN_OBJC_LITERAL_CONVERSION = YES;
				CLANG_WARN_OBJC_ROOT_CLASS = YES_ERROR;
				CLANG_WARN_QUOTED_INCLUDE_IN_FRAMEWORK_HEADER = YES;
				CLANG_WARN_RANGE_LOOP_ANALYSIS = YES;
				CLANG_WARN_STRICT_PROTOTYPES = YES;
				CLANG_WARN_SUSPICIOUS_MOVE = YES;
				CLANG_WARN_UNGUARDED_AVAILABILITY = YES_AGGRESSIVE;
				CLANG_WARN_UNREACHABLE_CODE = YES;
				CLANG_WARN__DUPLICATE_METHOD_MATCH = YES;
				COPY_PHASE_STRIP = NO;
				DEBUG_INFORMATION_FORMAT = dwarf;
				ENABLE_STRICT_OBJC_MSGSEND = YES;
				ENABLE_TESTABILITY = YES;
				ENABLE_USER_SCRIPT_SANDBOXING = YES;
				GCC_C_LANGUAGE_STANDARD = gnu17;
				GCC_DYNAMIC_NO_PIC = NO;
				GCC_NO_COMMON_BLOCKS = YES;
				GCC_OPTIMIZATION_LEVEL = 0;
				GCC_PREPROCESSOR_DEFINITIONS = (
					"DEBUG=1",
					"$(inherited)",
				);
				GCC_WARN_64_TO_32_BIT_CONVERSION = YES;
				GCC_WARN_ABOUT_RETURN_TYPE = YES_ERROR;
				GCC_WARN_UNDECLARED_SELECTOR = YES;
				GCC_WARN_UNINITIALIZED_AUTOS = YES_AGGRESSIVE;
				GCC_WARN_UNUSED_FUNCTION = YES;
				GCC_WARN_UNUSED_VARIABLE = YES;
				IPHONEOS_DEPLOYMENT_TARGET = 17.5;
				LOCALIZATION_PREFERS_STRING_CATALOGS = YES;
				MTL_ENABLE_DEBUG_INFO = INCLUDE_SOURCE;
				MTL_FAST_MATH = YES;
				ONLY_ACTIVE_ARCH = YES;
				SDKROOT = iphoneos;
				SWIFT_ACTIVE_COMPILATION_CONDITIONS = "DEBUG $(inherited)";
				SWIFT_OPTIMIZATION_LEVEL = "-Onone";
			};
			name = Debug;
		};
		9C90D0902C7B9C8600A0D2AF /* Release */ = {
			isa = XCBuildConfiguration;
			buildSettings = {
				ALWAYS_SEARCH_USER_PATHS = NO;
				ASSETCATALOG_COMPILER_GENERATE_SWIFT_ASSET_SYMBOL_EXTENSIONS = YES;
				CLANG_ANALYZER_NONNULL = YES;
				CLANG_ANALYZER_NUMBER_OBJECT_CONVERSION = YES_AGGRESSIVE;
				CLANG_CXX_LANGUAGE_STANDARD = "gnu++20";
				CLANG_ENABLE_MODULES = YES;
				CLANG_ENABLE_OBJC_ARC = YES;
				CLANG_ENABLE_OBJC_WEAK = YES;
				CLANG_WARN_BLOCK_CAPTURE_AUTORELEASING = YES;
				CLANG_WARN_BOOL_CONVERSION = YES;
				CLANG_WARN_COMMA = YES;
				CLANG_WARN_CONSTANT_CONVERSION = YES;
				CLANG_WARN_DEPRECATED_OBJC_IMPLEMENTATIONS = YES;
				CLANG_WARN_DIRECT_OBJC_ISA_USAGE = YES_ERROR;
				CLANG_WARN_DOCUMENTATION_COMMENTS = YES;
				CLANG_WARN_EMPTY_BODY = YES;
				CLANG_WARN_ENUM_CONVERSION = YES;
				CLANG_WARN_INFINITE_RECURSION = YES;
				CLANG_WARN_INT_CONVERSION = YES;
				CLANG_WARN_NON_LITERAL_NULL_CONVERSION = YES;
				CLANG_WARN_OBJC_IMPLICIT_RETAIN_SELF = YES;
				CLANG_WARN_OBJC_LITERAL_CONVERSION = YES;
				CLANG_WARN_OBJC_ROOT_CLASS = YES_ERROR;
				CLANG_WARN_QUOTED_INCLUDE_IN_FRAMEWORK_HEADER = YES;
				CLANG_WARN_RANGE_LOOP_ANALYSIS = YES;
				CLANG_WARN_STRICT_PROTOTYPES = YES;
				CLANG_WARN_SUSPICIOUS_MOVE = YES;
				CLANG_WARN_UNGUARDED_AVAILABILITY = YES_AGGRESSIVE;
				CLANG_WARN_UNREACHABLE_CODE = YES;
				CLANG_WARN__DUPLICATE_METHOD_MATCH = YES;
				COPY_PHASE_STRIP = NO;
				DEBUG_INFORMATION_FORMAT = "dwarf-with-dsym";
				ENABLE_NS_ASSERTIONS = NO;
				ENABLE_STRICT_OBJC_MSGSEND = YES;
				ENABLE_USER_SCRIPT_SANDBOXING = YES;
				GCC_C_LANGUAGE_STANDARD = gnu17;
				GCC_NO_COMMON_BLOCKS = YES;
				GCC_WARN_64_TO_32_BIT_CONVERSION = YES;
				GCC_WARN_ABOUT_RETURN_TYPE = YES_ERROR;
				GCC_WARN_UNDECLARED_SELECTOR = YES;
				GCC_WARN_UNINITIALIZED_AUTOS = YES_AGGRESSIVE;
				GCC_WARN_UNUSED_FUNCTION = YES;
				GCC_WARN_UNUSED_VARIABLE = YES;
				IPHONEOS_DEPLOYMENT_TARGET = 17.5;
				LOCALIZATION_PREFERS_STRING_CATALOGS = YES;
				MTL_ENABLE_DEBUG_INFO = NO;
				MTL_FAST_MATH = YES;
				SDKROOT = iphoneos;
				SWIFT_COMPILATION_MODE = wholemodule;
				VALIDATE_PRODUCT = YES;
			};
			name = Release;
		};
		9C90D0922C7B9C8600A0D2AF /* Debug */ = {
			isa = XCBuildConfiguration;
			buildSettings = {
				ASSETCATALOG_COMPILER_APPICON_NAME = AppIcon;
				ASSETCATALOG_COMPILER_GLOBAL_ACCENT_COLOR_NAME = AccentColor;
				CODE_SIGN_STYLE = Automatic;
				CURRENT_PROJECT_VERSION = 1;
				DEVELOPMENT_ASSET_PATHS = "\"Landmarks/Preview Content\"";
				DEVELOPMENT_TEAM = B6A7VXZ86X;
				ENABLE_PREVIEWS = YES;
				GENERATE_INFOPLIST_FILE = YES;
				INFOPLIST_KEY_UIApplicationSceneManifest_Generation = YES;
				INFOPLIST_KEY_UIApplicationSupportsIndirectInputEvents = YES;
				INFOPLIST_KEY_UILaunchScreen_Generation = YES;
				INFOPLIST_KEY_UISupportedInterfaceOrientations_iPad = "UIInterfaceOrientationPortrait UIInterfaceOrientationPortraitUpsideDown UIInterfaceOrientationLandscapeLeft UIInterfaceOrientationLandscapeRight";
				INFOPLIST_KEY_UISupportedInterfaceOrientations_iPhone = "UIInterfaceOrientationPortrait UIInterfaceOrientationLandscapeLeft UIInterfaceOrientationLandscapeRight";
				LD_RUNPATH_SEARCH_PATHS = (
					"$(inherited)",
					"@executable_path/Frameworks",
				);
				MARKETING_VERSION = 1.0;
				PRODUCT_BUNDLE_IDENTIFIER = com.PritamSapkota.Landmarks;
				PRODUCT_NAME = "$(TARGET_NAME)";
				SWIFT_EMIT_LOC_STRINGS = YES;
				SWIFT_VERSION = 5.0;
				TARGETED_DEVICE_FAMILY = "1,2";
			};
			name = Debug;
		};
		9C90D0932C7B9C8600A0D2AF /* Release */ = {
			isa = XCBuildConfiguration;
			buildSettings = {
				ASSETCATALOG_COMPILER_APPICON_NAME = AppIcon;
				ASSETCATALOG_COMPILER_GLOBAL_ACCENT_COLOR_NAME = AccentColor;
				CODE_SIGN_STYLE = Automatic;
				CURRENT_PROJECT_VERSION = 1;
				DEVELOPMENT_ASSET_PATHS = "\"Landmarks/Preview Content\"";
				DEVELOPMENT_TEAM = B6A7VXZ86X;
				ENABLE_PREVIEWS = YES;
				GENERATE_INFOPLIST_FILE = YES;
				INFOPLIST_KEY_UIApplicationSceneManifest_Generation = YES;
				INFOPLIST_KEY_UIApplicationSupportsIndirectInputEvents = YES;
				INFOPLIST_KEY_UILaunchScreen_Generation = YES;
				INFOPLIST_KEY_UISupportedInterfaceOrientations_iPad = "UIInterfaceOrientationPortrait UIInterfaceOrientationPortraitUpsideDown UIInterfaceOrientationLandscapeLeft UIInterfaceOrientationLandscapeRight";
				INFOPLIST_KEY_UISupportedInterfaceOrientations_iPhone = "UIInterfaceOrientationPortrait UIInterfaceOrientationLandscapeLeft UIInterfaceOrientationLandscapeRight";
				LD_RUNPATH_SEARCH_PATHS = (
					"$(inherited)",
					"@executable_path/Frameworks",
				);
				MARKETING_VERSION = 1.0;
				PRODUCT_BUNDLE_IDENTIFIER = com.PritamSapkota.Landmarks;
				PRODUCT_NAME = "$(TARGET_NAME)";
				SWIFT_EMIT_LOC_STRINGS = YES;
				SWIFT_VERSION = 5.0;
				TARGETED_DEVICE_FAMILY = "1,2";
			};
			name = Release;
		};
/* End XCBuildConfiguration section */

/* Begin XCConfigurationList section */
		9C90D07E2C7B9C8400A0D2AF /* Build configuration list for PBXProject "Landmarks" */ = {
			isa = XCConfigurationList;
			buildConfigurations = (
				9C90D08F2C7B9C8600A0D2AF /* Debug */,
				9C90D0902C7B9C8600A0D2AF /* Release */,
			);
			defaultConfigurationIsVisible = 0;
			defaultConfigurationName = Release;
		};
		9C90D0912C7B9C8600A0D2AF /* Build configuration list for PBXNativeTarget "Landmarks" */ = {
			isa = XCConfigurationList;
			buildConfigurations = (
				9C90D0922C7B9C8600A0D2AF /* Debug */,
				9C90D0932C7B9C8600A0D2AF /* Release */,
			);
			defaultConfigurationIsVisible = 0;
			defaultConfigurationName = Release;
		};
/* End XCConfigurationList section */
	};
	rootObject = 9C90D07B2C7B9C8400A0D2AF /* Project object */;
}
